
Microsoft Visual Studio Solution File, Format Version 12.00
# Visual Studio Version 17
VisualStudioVersion = 17.8.34525.116
MinimumVisualStudioVersion = 10.0.40219.1
Project("{FAE04EC0-301F-11D3-BF4B-00C04F79EFBC}") = "AppBack", "AppBack\AppBack.csproj", "{5980D49A-17EE-4F06-83AC-C2205525C9AB}"
EndProject
Global
	GlobalSection(SolutionConfigurationPlatforms) = preSolution
		Debug|Any CPU = Debug|Any CPU
		Release|Any CPU = Release|Any CPU
	EndGlobalSection
	GlobalSection(ProjectConfigurationPlatforms) = postSolution
		{5980D49A-17EE-4F06-83AC-C2205525C9AB}.Debug|Any CPU.ActiveCfg = Debug|Any CPU
		{5980D49A-17EE-4F06-83AC-C2205525C9AB}.Debug|Any CPU.Build.0 = Debug|Any CPU
		{5980D49A-17EE-4F06-83AC-C2205525C9AB}.Release|Any CPU.ActiveCfg = Release|Any CPU
		{5980D49A-17EE-4F06-83AC-C2205525C9AB}.Release|Any CPU.Build.0 = Release|Any CPU
	EndGlobalSection
	GlobalSection(SolutionProperties) = preSolution
		HideSolutionNode = FALSE
	EndGlobalSection
	GlobalSection(ExtensibilityGlobals) = postSolution
		SolutionGuid = {11AA6775-61FA-4D3E-A9DD-1CCBA0AF5846}
	EndGlobalSection
EndGlobal
